// !$*UTF8*$!
{
	archiveVersion = 1;
	classes = {
	};
	objectVersion = 46;
	objects = {

/* Begin PBXBuildFile section */
		4E0CEE401CE37436005C9D85 /* main.m in Sources */ = {isa = PBXBuildFile; fileRef = 4E0CEE3F1CE37436005C9D85 /* main.m */; };
		4E0CEE431CE37436005C9D85 /* PTGAppDelegate.m in Sources */ = {isa = PBXBuildFile; fileRef = 4E0CEE421CE37436005C9D85 /* PTGAppDelegate.m */; };
		4E0CEE461CE37436005C9D85 /* PTGPlacesSearchViewController.m in Sources */ = {isa = PBXBuildFile; fileRef = 4E0CEE451CE37436005C9D85 /* PTGPlacesSearchViewController.m */; };
		4E0CEE491CE37436005C9D85 /* Main.storyboard in Resources */ = {isa = PBXBuildFile; fileRef = 4E0CEE471CE37436005C9D85 /* Main.storyboard */; };
		4E0CEE4B1CE37436005C9D85 /* Assets.xcassets in Resources */ = {isa = PBXBuildFile; fileRef = 4E0CEE4A1CE37436005C9D85 /* Assets.xcassets */; };
		4E0CEE4E1CE37436005C9D85 /* LaunchScreen.storyboard in Resources */ = {isa = PBXBuildFile; fileRef = 4E0CEE4C1CE37436005C9D85 /* LaunchScreen.storyboard */; };
		4E0CEE591CE37437005C9D85 /* PlaceToGoTests.m in Sources */ = {isa = PBXBuildFile; fileRef = 4E0CEE581CE37437005C9D85 /* PlaceToGoTests.m */; };
		4E0CEE641CE37437005C9D85 /* PlaceToGoUITests.m in Sources */ = {isa = PBXBuildFile; fileRef = 4E0CEE631CE37437005C9D85 /* PlaceToGoUITests.m */; };
		774548421CFF0C02009AEFB2 /* PTGShowSliderTableViewCell.m in Sources */ = {isa = PBXBuildFile; fileRef = 774548411CFF0C02009AEFB2 /* PTGShowSliderTableViewCell.m */; };
		774548431CFF0C02009AEFB2 /* PTGShowSliderTableViewCell.m in Sources */ = {isa = PBXBuildFile; fileRef = 774548411CFF0C02009AEFB2 /* PTGShowSliderTableViewCell.m */; };
		774548441CFF0C02009AEFB2 /* PTGShowSliderTableViewCell.m in Sources */ = {isa = PBXBuildFile; fileRef = 774548411CFF0C02009AEFB2 /* PTGShowSliderTableViewCell.m */; };
		774C6BA21CEF1BDB0000B502 /* UIColor+PTGColor.m in Sources */ = {isa = PBXBuildFile; fileRef = 774C6BA11CEF1BDB0000B502 /* UIColor+PTGColor.m */; };
		774C6BA31CEF1BDB0000B502 /* UIColor+PTGColor.m in Sources */ = {isa = PBXBuildFile; fileRef = 774C6BA11CEF1BDB0000B502 /* UIColor+PTGColor.m */; };
		774C6BA41CEF1BDB0000B502 /* UIColor+PTGColor.m in Sources */ = {isa = PBXBuildFile; fileRef = 774C6BA11CEF1BDB0000B502 /* UIColor+PTGColor.m */; };
		774C6BA71CEF52D60000B502 /* PTGMenuViewController.m in Sources */ = {isa = PBXBuildFile; fileRef = 774C6BA61CEF52D60000B502 /* PTGMenuViewController.m */; };
		774C6BA81CEF52D60000B502 /* PTGMenuViewController.m in Sources */ = {isa = PBXBuildFile; fileRef = 774C6BA61CEF52D60000B502 /* PTGMenuViewController.m */; };
		774C6BA91CEF52D60000B502 /* PTGMenuViewController.m in Sources */ = {isa = PBXBuildFile; fileRef = 774C6BA61CEF52D60000B502 /* PTGMenuViewController.m */; };
		774C6BAC1CEF67640000B502 /* PTGAuthenticationRequest.m in Sources */ = {isa = PBXBuildFile; fileRef = 774C6BAB1CEF67640000B502 /* PTGAuthenticationRequest.m */; };
		774C6BAD1CEF67640000B502 /* PTGAuthenticationRequest.m in Sources */ = {isa = PBXBuildFile; fileRef = 774C6BAB1CEF67640000B502 /* PTGAuthenticationRequest.m */; };
		774C6BAE1CEF67640000B502 /* PTGAuthenticationRequest.m in Sources */ = {isa = PBXBuildFile; fileRef = 774C6BAB1CEF67640000B502 /* PTGAuthenticationRequest.m */; };
		775428681CE4BAA200DC5056 /* PTGNetworkManager.m in Sources */ = {isa = PBXBuildFile; fileRef = 775428671CE4BAA200DC5056 /* PTGNetworkManager.m */; };
		7754286B1CE4C04000DC5056 /* PTGCredentialStore.m in Sources */ = {isa = PBXBuildFile; fileRef = 7754286A1CE4C04000DC5056 /* PTGCredentialStore.m */; };
		7761017F1CF5A8BA00006368 /* PTGUserInformationRequest.m in Sources */ = {isa = PBXBuildFile; fileRef = 7761017E1CF5A8BA00006368 /* PTGUserInformationRequest.m */; };
		776101841CF5B5B500006368 /* PTGAuthenticatedUserEntity+CoreDataProperties.m in Sources */ = {isa = PBXBuildFile; fileRef = 776101811CF5B5B500006368 /* PTGAuthenticatedUserEntity+CoreDataProperties.m */; };
		776101851CF5B5B500006368 /* PTGAuthenticatedUserEntity+CoreDataProperties.m in Sources */ = {isa = PBXBuildFile; fileRef = 776101811CF5B5B500006368 /* PTGAuthenticatedUserEntity+CoreDataProperties.m */; };
		776101861CF5B5B500006368 /* PTGAuthenticatedUserEntity+CoreDataProperties.m in Sources */ = {isa = PBXBuildFile; fileRef = 776101811CF5B5B500006368 /* PTGAuthenticatedUserEntity+CoreDataProperties.m */; };
		776101871CF5B5B500006368 /* PTGAuthenticatedUserEntity.m in Sources */ = {isa = PBXBuildFile; fileRef = 776101831CF5B5B500006368 /* PTGAuthenticatedUserEntity.m */; };
		776101881CF5B5B500006368 /* PTGAuthenticatedUserEntity.m in Sources */ = {isa = PBXBuildFile; fileRef = 776101831CF5B5B500006368 /* PTGAuthenticatedUserEntity.m */; };
		776101891CF5B5B500006368 /* PTGAuthenticatedUserEntity.m in Sources */ = {isa = PBXBuildFile; fileRef = 776101831CF5B5B500006368 /* PTGAuthenticatedUserEntity.m */; };
		776A09E41CEA33AC00E6632B /* PTGBaseRequest.m in Sources */ = {isa = PBXBuildFile; fileRef = 776A09E31CEA33AC00E6632B /* PTGBaseRequest.m */; };
		776A0CD71CEE19C100B33590 /* PTGCategoryCollectionViewCell.m in Sources */ = {isa = PBXBuildFile; fileRef = 776A0CD61CEE19C100B33590 /* PTGCategoryCollectionViewCell.m */; };
		776A0CD81CEE19C100B33590 /* PTGCategoryCollectionViewCell.m in Sources */ = {isa = PBXBuildFile; fileRef = 776A0CD61CEE19C100B33590 /* PTGCategoryCollectionViewCell.m */; };
		776A0CD91CEE19C100B33590 /* PTGCategoryCollectionViewCell.m in Sources */ = {isa = PBXBuildFile; fileRef = 776A0CD61CEE19C100B33590 /* PTGCategoryCollectionViewCell.m */; };
		776BF01F1CE62EA900FAA72B /* PTGLoginViewController.m in Sources */ = {isa = PBXBuildFile; fileRef = 776BF01E1CE62EA900FAA72B /* PTGLoginViewController.m */; };
		776BF0201CE62EA900FAA72B /* PTGLoginViewController.m in Sources */ = {isa = PBXBuildFile; fileRef = 776BF01E1CE62EA900FAA72B /* PTGLoginViewController.m */; };
		776BF0211CE62EA900FAA72B /* PTGLoginViewController.m in Sources */ = {isa = PBXBuildFile; fileRef = 776BF01E1CE62EA900FAA72B /* PTGLoginViewController.m */; };
		776D5A8B1CF6F666003F92D8 /* UIImage+PTGImageUtilities.m in Sources */ = {isa = PBXBuildFile; fileRef = 776D5A8A1CF6F666003F92D8 /* UIImage+PTGImageUtilities.m */; };
		776D5A931CF71F4C003F92D8 /* PTGLogIOTableViewCell.m in Sources */ = {isa = PBXBuildFile; fileRef = 776D5A921CF71F4C003F92D8 /* PTGLogIOTableViewCell.m */; };
		776D5A941CF71F4C003F92D8 /* PTGLogIOTableViewCell.m in Sources */ = {isa = PBXBuildFile; fileRef = 776D5A921CF71F4C003F92D8 /* PTGLogIOTableViewCell.m */; };
		776D5A951CF71F4C003F92D8 /* PTGLogIOTableViewCell.m in Sources */ = {isa = PBXBuildFile; fileRef = 776D5A921CF71F4C003F92D8 /* PTGLogIOTableViewCell.m */; };
		776D5A981CF71F64003F92D8 /* PTGSliderTableViewCell.m in Sources */ = {isa = PBXBuildFile; fileRef = 776D5A971CF71F64003F92D8 /* PTGSliderTableViewCell.m */; };
		776D5A991CF71F64003F92D8 /* PTGSliderTableViewCell.m in Sources */ = {isa = PBXBuildFile; fileRef = 776D5A971CF71F64003F92D8 /* PTGSliderTableViewCell.m */; };
		776D5A9A1CF71F64003F92D8 /* PTGSliderTableViewCell.m in Sources */ = {isa = PBXBuildFile; fileRef = 776D5A971CF71F64003F92D8 /* PTGSliderTableViewCell.m */; };
		776D5A9D1CF71F85003F92D8 /* PTGSegmentControlTableViewCell.m in Sources */ = {isa = PBXBuildFile; fileRef = 776D5A9C1CF71F85003F92D8 /* PTGSegmentControlTableViewCell.m */; };
		776D5A9E1CF71F85003F92D8 /* PTGSegmentControlTableViewCell.m in Sources */ = {isa = PBXBuildFile; fileRef = 776D5A9C1CF71F85003F92D8 /* PTGSegmentControlTableViewCell.m */; };
		776D5A9F1CF71F85003F92D8 /* PTGSegmentControlTableViewCell.m in Sources */ = {isa = PBXBuildFile; fileRef = 776D5A9C1CF71F85003F92D8 /* PTGSegmentControlTableViewCell.m */; };
		777AE7191CE5E40F001A77EC /* PTGSavedPlacesViewController.m in Sources */ = {isa = PBXBuildFile; fileRef = 777AE7181CE5E40F001A77EC /* PTGSavedPlacesViewController.m */; };
		777AE71D1CE5FD43001A77EC /* APIConstants.m in Sources */ = {isa = PBXBuildFile; fileRef = 777AE71C1CE5FD43001A77EC /* APIConstants.m */; };
		777AE71E1CE5FD43001A77EC /* APIConstants.m in Sources */ = {isa = PBXBuildFile; fileRef = 777AE71C1CE5FD43001A77EC /* APIConstants.m */; };
		777AE71F1CE5FD43001A77EC /* APIConstants.m in Sources */ = {isa = PBXBuildFile; fileRef = 777AE71C1CE5FD43001A77EC /* APIConstants.m */; };
		7782E35F1CF8864500158A88 /* PTGClosedVenuesSwitchTableViewCell.m in Sources */ = {isa = PBXBuildFile; fileRef = 7782E35E1CF8864500158A88 /* PTGClosedVenuesSwitchTableViewCell.m */; };
		77854C8D1CF35E0D00540673 /* PTGUserInformationCell.m in Sources */ = {isa = PBXBuildFile; fileRef = 77854C8C1CF35E0D00540673 /* PTGUserInformationCell.m */; };
		77854C8E1CF35E0D00540673 /* PTGUserInformationCell.m in Sources */ = {isa = PBXBuildFile; fileRef = 77854C8C1CF35E0D00540673 /* PTGUserInformationCell.m */; };
		77854C8F1CF35E0D00540673 /* PTGUserInformationCell.m in Sources */ = {isa = PBXBuildFile; fileRef = 77854C8C1CF35E0D00540673 /* PTGUserInformationCell.m */; };
		77AC1BE31CE63526005A3A14 /* PTGVenueRequest.m in Sources */ = {isa = PBXBuildFile; fileRef = 77AC1BE21CE63526005A3A14 /* PTGVenueRequest.m */; };
		77AC1BE41CE63526005A3A14 /* PTGVenueRequest.m in Sources */ = {isa = PBXBuildFile; fileRef = 77AC1BE21CE63526005A3A14 /* PTGVenueRequest.m */; };
		77AC1BE51CE63526005A3A14 /* PTGVenueRequest.m in Sources */ = {isa = PBXBuildFile; fileRef = 77AC1BE21CE63526005A3A14 /* PTGVenueRequest.m */; };
		77ADC2881CEB3906002432FA /* PTGDataModel.xcdatamodeld in Sources */ = {isa = PBXBuildFile; fileRef = 77ADC2861CEB3906002432FA /* PTGDataModel.xcdatamodeld */; };
		77ADC2891CEB3906002432FA /* PTGDataModel.xcdatamodeld in Sources */ = {isa = PBXBuildFile; fileRef = 77ADC2861CEB3906002432FA /* PTGDataModel.xcdatamodeld */; };
		77ADC28A1CEB3906002432FA /* PTGDataModel.xcdatamodeld in Sources */ = {isa = PBXBuildFile; fileRef = 77ADC2861CEB3906002432FA /* PTGDataModel.xcdatamodeld */; };
		77ADC2901CEB47E4002432FA /* PTGCategoryEntity+CoreDataProperties.m in Sources */ = {isa = PBXBuildFile; fileRef = 77ADC28D1CEB47E4002432FA /* PTGCategoryEntity+CoreDataProperties.m */; };
		77ADC2911CEB47E4002432FA /* PTGCategoryEntity+CoreDataProperties.m in Sources */ = {isa = PBXBuildFile; fileRef = 77ADC28D1CEB47E4002432FA /* PTGCategoryEntity+CoreDataProperties.m */; };
		77ADC2921CEB47E4002432FA /* PTGCategoryEntity+CoreDataProperties.m in Sources */ = {isa = PBXBuildFile; fileRef = 77ADC28D1CEB47E4002432FA /* PTGCategoryEntity+CoreDataProperties.m */; };
		77ADC2931CEB47E4002432FA /* PTGCategoryEntity.m in Sources */ = {isa = PBXBuildFile; fileRef = 77ADC28F1CEB47E4002432FA /* PTGCategoryEntity.m */; };
		77ADC2941CEB47E4002432FA /* PTGCategoryEntity.m in Sources */ = {isa = PBXBuildFile; fileRef = 77ADC28F1CEB47E4002432FA /* PTGCategoryEntity.m */; };
		77ADC2951CEB47E4002432FA /* PTGCategoryEntity.m in Sources */ = {isa = PBXBuildFile; fileRef = 77ADC28F1CEB47E4002432FA /* PTGCategoryEntity.m */; };
		77ADC29B1CEB4891002432FA /* PTGUserSettingsEntity+CoreDataProperties.m in Sources */ = {isa = PBXBuildFile; fileRef = 77ADC2981CEB4891002432FA /* PTGUserSettingsEntity+CoreDataProperties.m */; };
		77ADC29C1CEB4891002432FA /* PTGUserSettingsEntity+CoreDataProperties.m in Sources */ = {isa = PBXBuildFile; fileRef = 77ADC2981CEB4891002432FA /* PTGUserSettingsEntity+CoreDataProperties.m */; };
		77ADC29D1CEB4891002432FA /* PTGUserSettingsEntity+CoreDataProperties.m in Sources */ = {isa = PBXBuildFile; fileRef = 77ADC2981CEB4891002432FA /* PTGUserSettingsEntity+CoreDataProperties.m */; };
		77ADC29E1CEB4891002432FA /* PTGUserSettingsEntity.m in Sources */ = {isa = PBXBuildFile; fileRef = 77ADC29A1CEB4891002432FA /* PTGUserSettingsEntity.m */; };
		77ADC29F1CEB4891002432FA /* PTGUserSettingsEntity.m in Sources */ = {isa = PBXBuildFile; fileRef = 77ADC29A1CEB4891002432FA /* PTGUserSettingsEntity.m */; };
		77ADC2A01CEB4891002432FA /* PTGUserSettingsEntity.m in Sources */ = {isa = PBXBuildFile; fileRef = 77ADC29A1CEB4891002432FA /* PTGUserSettingsEntity.m */; };
		77ADC2A31CEB5E27002432FA /* PTGCoreDataManager.m in Sources */ = {isa = PBXBuildFile; fileRef = 77ADC2A21CEB5E27002432FA /* PTGCoreDataManager.m */; };
		77ADC2A41CEB5E27002432FA /* PTGCoreDataManager.m in Sources */ = {isa = PBXBuildFile; fileRef = 77ADC2A21CEB5E27002432FA /* PTGCoreDataManager.m */; };
		77ADC2A51CEB5E27002432FA /* PTGCoreDataManager.m in Sources */ = {isa = PBXBuildFile; fileRef = 77ADC2A21CEB5E27002432FA /* PTGCoreDataManager.m */; };
		77ADC2A81CEB64A6002432FA /* PTGCoreDataHandler.m in Sources */ = {isa = PBXBuildFile; fileRef = 77ADC2A71CEB64A6002432FA /* PTGCoreDataHandler.m */; };
		77ADC2A91CEB64A6002432FA /* PTGCoreDataHandler.m in Sources */ = {isa = PBXBuildFile; fileRef = 77ADC2A71CEB64A6002432FA /* PTGCoreDataHandler.m */; };
		77ADC2AA1CEB64A6002432FA /* PTGCoreDataHandler.m in Sources */ = {isa = PBXBuildFile; fileRef = 77ADC2A71CEB64A6002432FA /* PTGCoreDataHandler.m */; };
		77ADC2AD1CEB86BA002432FA /* PTGCategoriesRequest.m in Sources */ = {isa = PBXBuildFile; fileRef = 77ADC2AC1CEB86BA002432FA /* PTGCategoriesRequest.m */; };
		77ADC2AE1CEB86BA002432FA /* PTGCategoriesRequest.m in Sources */ = {isa = PBXBuildFile; fileRef = 77ADC2AC1CEB86BA002432FA /* PTGCategoriesRequest.m */; };
		77ADC2AF1CEB86BA002432FA /* PTGCategoriesRequest.m in Sources */ = {isa = PBXBuildFile; fileRef = 77ADC2AC1CEB86BA002432FA /* PTGCategoriesRequest.m */; };
		AC0C6186E97C49AEFD96CCA2 /* libPods-PlaceToGo.a in Frameworks */ = {isa = PBXBuildFile; fileRef = A064F979E174C71B91822920 /* libPods-PlaceToGo.a */; };
/* End PBXBuildFile section */

/* Begin PBXContainerItemProxy section */
		4E0CEE551CE37437005C9D85 /* PBXContainerItemProxy */ = {
			isa = PBXContainerItemProxy;
			containerPortal = 4E0CEE331CE37436005C9D85 /* Project object */;
			proxyType = 1;
			remoteGlobalIDString = 4E0CEE3A1CE37436005C9D85;
			remoteInfo = PlaceToGo;
		};
		4E0CEE601CE37437005C9D85 /* PBXContainerItemProxy */ = {
			isa = PBXContainerItemProxy;
			containerPortal = 4E0CEE331CE37436005C9D85 /* Project object */;
			proxyType = 1;
			remoteGlobalIDString = 4E0CEE3A1CE37436005C9D85;
			remoteInfo = PlaceToGo;
		};
/* End PBXContainerItemProxy section */

/* Begin PBXFileReference section */
		4E0CEE3B1CE37436005C9D85 /* PlaceToGo.app */ = {isa = PBXFileReference; explicitFileType = wrapper.application; includeInIndex = 0; path = PlaceToGo.app; sourceTree = BUILT_PRODUCTS_DIR; };
		4E0CEE3F1CE37436005C9D85 /* main.m */ = {isa = PBXFileReference; lastKnownFileType = sourcecode.c.objc; path = main.m; sourceTree = "<group>"; };
		4E0CEE411CE37436005C9D85 /* PTGAppDelegate.h */ = {isa = PBXFileReference; lastKnownFileType = sourcecode.c.h; path = PTGAppDelegate.h; sourceTree = "<group>"; };
		4E0CEE421CE37436005C9D85 /* PTGAppDelegate.m */ = {isa = PBXFileReference; lastKnownFileType = sourcecode.c.objc; path = PTGAppDelegate.m; sourceTree = "<group>"; };
		4E0CEE441CE37436005C9D85 /* PTGPlacesSearchViewController.h */ = {isa = PBXFileReference; lastKnownFileType = sourcecode.c.h; path = PTGPlacesSearchViewController.h; sourceTree = "<group>"; };
		4E0CEE451CE37436005C9D85 /* PTGPlacesSearchViewController.m */ = {isa = PBXFileReference; lastKnownFileType = sourcecode.c.objc; path = PTGPlacesSearchViewController.m; sourceTree = "<group>"; };
		4E0CEE481CE37436005C9D85 /* Base */ = {isa = PBXFileReference; lastKnownFileType = file.storyboard; name = Base; path = Base.lproj/Main.storyboard; sourceTree = "<group>"; };
		4E0CEE4A1CE37436005C9D85 /* Assets.xcassets */ = {isa = PBXFileReference; lastKnownFileType = folder.assetcatalog; path = Assets.xcassets; sourceTree = "<group>"; };
		4E0CEE4D1CE37436005C9D85 /* Base */ = {isa = PBXFileReference; lastKnownFileType = file.storyboard; name = Base; path = Base.lproj/LaunchScreen.storyboard; sourceTree = "<group>"; };
		4E0CEE4F1CE37436005C9D85 /* Info.plist */ = {isa = PBXFileReference; lastKnownFileType = text.plist.xml; path = Info.plist; sourceTree = "<group>"; };
		4E0CEE541CE37437005C9D85 /* PlaceToGoTests.xctest */ = {isa = PBXFileReference; explicitFileType = wrapper.cfbundle; includeInIndex = 0; path = PlaceToGoTests.xctest; sourceTree = BUILT_PRODUCTS_DIR; };
		4E0CEE581CE37437005C9D85 /* PlaceToGoTests.m */ = {isa = PBXFileReference; lastKnownFileType = sourcecode.c.objc; path = PlaceToGoTests.m; sourceTree = "<group>"; };
		4E0CEE5A1CE37437005C9D85 /* Info.plist */ = {isa = PBXFileReference; lastKnownFileType = text.plist.xml; path = Info.plist; sourceTree = "<group>"; };
		4E0CEE5F1CE37437005C9D85 /* PlaceToGoUITests.xctest */ = {isa = PBXFileReference; explicitFileType = wrapper.cfbundle; includeInIndex = 0; path = PlaceToGoUITests.xctest; sourceTree = BUILT_PRODUCTS_DIR; };
		4E0CEE631CE37437005C9D85 /* PlaceToGoUITests.m */ = {isa = PBXFileReference; lastKnownFileType = sourcecode.c.objc; path = PlaceToGoUITests.m; sourceTree = "<group>"; };
		4E0CEE651CE37437005C9D85 /* Info.plist */ = {isa = PBXFileReference; lastKnownFileType = text.plist.xml; path = Info.plist; sourceTree = "<group>"; };
		68E27BD73D34DD2CA8E4D5FC /* Pods-PlaceToGo.release.xcconfig */ = {isa = PBXFileReference; includeInIndex = 1; lastKnownFileType = text.xcconfig; name = "Pods-PlaceToGo.release.xcconfig"; path = "Pods/Target Support Files/Pods-PlaceToGo/Pods-PlaceToGo.release.xcconfig"; sourceTree = "<group>"; };
		774548401CFF0C02009AEFB2 /* PTGShowSliderTableViewCell.h */ = {isa = PBXFileReference; fileEncoding = 4; lastKnownFileType = sourcecode.c.h; path = PTGShowSliderTableViewCell.h; sourceTree = "<group>"; };
		774548411CFF0C02009AEFB2 /* PTGShowSliderTableViewCell.m */ = {isa = PBXFileReference; fileEncoding = 4; lastKnownFileType = sourcecode.c.objc; path = PTGShowSliderTableViewCell.m; sourceTree = "<group>"; };
		7745484B1CFF4210009AEFB2 /* PTGCellVIews.h */ = {isa = PBXFileReference; lastKnownFileType = sourcecode.c.h; path = PTGCellVIews.h; sourceTree = "<group>"; };
		774C6BA01CEF1BDB0000B502 /* UIColor+PTGColor.h */ = {isa = PBXFileReference; fileEncoding = 4; lastKnownFileType = sourcecode.c.h; path = "UIColor+PTGColor.h"; sourceTree = "<group>"; };
		774C6BA11CEF1BDB0000B502 /* UIColor+PTGColor.m */ = {isa = PBXFileReference; fileEncoding = 4; lastKnownFileType = sourcecode.c.objc; path = "UIColor+PTGColor.m"; sourceTree = "<group>"; };
		774C6BA51CEF52D60000B502 /* PTGMenuViewController.h */ = {isa = PBXFileReference; fileEncoding = 4; lastKnownFileType = sourcecode.c.h; path = PTGMenuViewController.h; sourceTree = "<group>"; };
		774C6BA61CEF52D60000B502 /* PTGMenuViewController.m */ = {isa = PBXFileReference; fileEncoding = 4; lastKnownFileType = sourcecode.c.objc; path = PTGMenuViewController.m; sourceTree = "<group>"; };
		774C6BAA1CEF67640000B502 /* PTGAuthenticationRequest.h */ = {isa = PBXFileReference; fileEncoding = 4; lastKnownFileType = sourcecode.c.h; path = PTGAuthenticationRequest.h; sourceTree = "<group>"; };
		774C6BAB1CEF67640000B502 /* PTGAuthenticationRequest.m */ = {isa = PBXFileReference; fileEncoding = 4; lastKnownFileType = sourcecode.c.objc; path = PTGAuthenticationRequest.m; sourceTree = "<group>"; };
		775428661CE4BAA200DC5056 /* PTGNetworkManager.h */ = {isa = PBXFileReference; fileEncoding = 4; lastKnownFileType = sourcecode.c.h; path = PTGNetworkManager.h; sourceTree = "<group>"; };
		775428671CE4BAA200DC5056 /* PTGNetworkManager.m */ = {isa = PBXFileReference; fileEncoding = 4; lastKnownFileType = sourcecode.c.objc; path = PTGNetworkManager.m; sourceTree = "<group>"; };
		775428691CE4C04000DC5056 /* PTGCredentialStore.h */ = {isa = PBXFileReference; fileEncoding = 4; lastKnownFileType = sourcecode.c.h; path = PTGCredentialStore.h; sourceTree = "<group>"; };
		7754286A1CE4C04000DC5056 /* PTGCredentialStore.m */ = {isa = PBXFileReference; fileEncoding = 4; lastKnownFileType = sourcecode.c.objc; path = PTGCredentialStore.m; sourceTree = "<group>"; };
		7761017D1CF5A8BA00006368 /* PTGUserInformationRequest.h */ = {isa = PBXFileReference; fileEncoding = 4; lastKnownFileType = sourcecode.c.h; path = PTGUserInformationRequest.h; sourceTree = "<group>"; };
		7761017E1CF5A8BA00006368 /* PTGUserInformationRequest.m */ = {isa = PBXFileReference; fileEncoding = 4; lastKnownFileType = sourcecode.c.objc; path = PTGUserInformationRequest.m; sourceTree = "<group>"; };
		776101801CF5B5B500006368 /* PTGAuthenticatedUserEntity+CoreDataProperties.h */ = {isa = PBXFileReference; fileEncoding = 4; lastKnownFileType = sourcecode.c.h; path = "PTGAuthenticatedUserEntity+CoreDataProperties.h"; sourceTree = "<group>"; };
		776101811CF5B5B500006368 /* PTGAuthenticatedUserEntity+CoreDataProperties.m */ = {isa = PBXFileReference; fileEncoding = 4; lastKnownFileType = sourcecode.c.objc; path = "PTGAuthenticatedUserEntity+CoreDataProperties.m"; sourceTree = "<group>"; };
		776101821CF5B5B500006368 /* PTGAuthenticatedUserEntity.h */ = {isa = PBXFileReference; fileEncoding = 4; lastKnownFileType = sourcecode.c.h; path = PTGAuthenticatedUserEntity.h; sourceTree = "<group>"; };
		776101831CF5B5B500006368 /* PTGAuthenticatedUserEntity.m */ = {isa = PBXFileReference; fileEncoding = 4; lastKnownFileType = sourcecode.c.objc; path = PTGAuthenticatedUserEntity.m; sourceTree = "<group>"; };
		776A09E21CEA33AC00E6632B /* PTGBaseRequest.h */ = {isa = PBXFileReference; fileEncoding = 4; lastKnownFileType = sourcecode.c.h; path = PTGBaseRequest.h; sourceTree = "<group>"; };
		776A09E31CEA33AC00E6632B /* PTGBaseRequest.m */ = {isa = PBXFileReference; fileEncoding = 4; lastKnownFileType = sourcecode.c.objc; path = PTGBaseRequest.m; sourceTree = "<group>"; };
		776A0CD51CEE19C100B33590 /* PTGCategoryCollectionViewCell.h */ = {isa = PBXFileReference; fileEncoding = 4; lastKnownFileType = sourcecode.c.h; path = PTGCategoryCollectionViewCell.h; sourceTree = "<group>"; };
		776A0CD61CEE19C100B33590 /* PTGCategoryCollectionViewCell.m */ = {isa = PBXFileReference; fileEncoding = 4; lastKnownFileType = sourcecode.c.objc; path = PTGCategoryCollectionViewCell.m; sourceTree = "<group>"; };
		776BF01B1CE62E7C00FAA72B /* PTGLoginViewController.h */ = {isa = PBXFileReference; fileEncoding = 4; lastKnownFileType = sourcecode.c.h; path = PTGLoginViewController.h; sourceTree = "<group>"; };
		776BF01E1CE62EA900FAA72B /* PTGLoginViewController.m */ = {isa = PBXFileReference; fileEncoding = 4; lastKnownFileType = sourcecode.c.objc; path = PTGLoginViewController.m; sourceTree = "<group>"; };
		776D5A891CF6F666003F92D8 /* UIImage+PTGImageUtilities.h */ = {isa = PBXFileReference; fileEncoding = 4; lastKnownFileType = sourcecode.c.h; path = "UIImage+PTGImageUtilities.h"; sourceTree = "<group>"; };
		776D5A8A1CF6F666003F92D8 /* UIImage+PTGImageUtilities.m */ = {isa = PBXFileReference; fileEncoding = 4; lastKnownFileType = sourcecode.c.objc; path = "UIImage+PTGImageUtilities.m"; sourceTree = "<group>"; };
		776D5A911CF71F4C003F92D8 /* PTGLogIOTableViewCell.h */ = {isa = PBXFileReference; fileEncoding = 4; lastKnownFileType = sourcecode.c.h; path = PTGLogIOTableViewCell.h; sourceTree = "<group>"; };
		776D5A921CF71F4C003F92D8 /* PTGLogIOTableViewCell.m */ = {isa = PBXFileReference; fileEncoding = 4; lastKnownFileType = sourcecode.c.objc; path = PTGLogIOTableViewCell.m; sourceTree = "<group>"; };
		776D5A961CF71F64003F92D8 /* PTGSliderTableViewCell.h */ = {isa = PBXFileReference; fileEncoding = 4; lastKnownFileType = sourcecode.c.h; path = PTGSliderTableViewCell.h; sourceTree = "<group>"; };
		776D5A971CF71F64003F92D8 /* PTGSliderTableViewCell.m */ = {isa = PBXFileReference; fileEncoding = 4; lastKnownFileType = sourcecode.c.objc; path = PTGSliderTableViewCell.m; sourceTree = "<group>"; };
		776D5A9B1CF71F85003F92D8 /* PTGSegmentControlTableViewCell.h */ = {isa = PBXFileReference; fileEncoding = 4; lastKnownFileType = sourcecode.c.h; path = PTGSegmentControlTableViewCell.h; sourceTree = "<group>"; };
		776D5A9C1CF71F85003F92D8 /* PTGSegmentControlTableViewCell.m */ = {isa = PBXFileReference; fileEncoding = 4; lastKnownFileType = sourcecode.c.objc; path = PTGSegmentControlTableViewCell.m; sourceTree = "<group>"; };
		777AE7171CE5E40F001A77EC /* PTGSavedPlacesViewController.h */ = {isa = PBXFileReference; fileEncoding = 4; lastKnownFileType = sourcecode.c.h; path = PTGSavedPlacesViewController.h; sourceTree = "<group>"; };
		777AE7181CE5E40F001A77EC /* PTGSavedPlacesViewController.m */ = {isa = PBXFileReference; fileEncoding = 4; lastKnownFileType = sourcecode.c.objc; path = PTGSavedPlacesViewController.m; sourceTree = "<group>"; };
		777AE71B1CE5FD43001A77EC /* APIConstants.h */ = {isa = PBXFileReference; fileEncoding = 4; lastKnownFileType = sourcecode.c.h; path = APIConstants.h; sourceTree = "<group>"; };
		777AE71C1CE5FD43001A77EC /* APIConstants.m */ = {isa = PBXFileReference; fileEncoding = 4; lastKnownFileType = sourcecode.c.objc; path = APIConstants.m; sourceTree = "<group>"; };
		7782E35D1CF8864500158A88 /* PTGClosedVenuesSwitchTableViewCell.h */ = {isa = PBXFileReference; fileEncoding = 4; lastKnownFileType = sourcecode.c.h; path = PTGClosedVenuesSwitchTableViewCell.h; sourceTree = "<group>"; };
		7782E35E1CF8864500158A88 /* PTGClosedVenuesSwitchTableViewCell.m */ = {isa = PBXFileReference; fileEncoding = 4; lastKnownFileType = sourcecode.c.objc; path = PTGClosedVenuesSwitchTableViewCell.m; sourceTree = "<group>"; };
		77854C8B1CF35E0D00540673 /* PTGUserInformationCell.h */ = {isa = PBXFileReference; fileEncoding = 4; lastKnownFileType = sourcecode.c.h; path = PTGUserInformationCell.h; sourceTree = "<group>"; };
		77854C8C1CF35E0D00540673 /* PTGUserInformationCell.m */ = {isa = PBXFileReference; fileEncoding = 4; lastKnownFileType = sourcecode.c.objc; path = PTGUserInformationCell.m; sourceTree = "<group>"; };
		77AC1BE11CE63526005A3A14 /* PTGVenueRequest.h */ = {isa = PBXFileReference; fileEncoding = 4; lastKnownFileType = sourcecode.c.h; path = PTGVenueRequest.h; sourceTree = "<group>"; };
		77AC1BE21CE63526005A3A14 /* PTGVenueRequest.m */ = {isa = PBXFileReference; fileEncoding = 4; lastKnownFileType = sourcecode.c.objc; path = PTGVenueRequest.m; sourceTree = "<group>"; };
		77ADC2871CEB3906002432FA /* PTGDataModel.xcdatamodel */ = {isa = PBXFileReference; lastKnownFileType = wrapper.xcdatamodel; path = PTGDataModel.xcdatamodel; sourceTree = "<group>"; };
		77ADC28C1CEB47E4002432FA /* PTGCategoryEntity+CoreDataProperties.h */ = {isa = PBXFileReference; fileEncoding = 4; lastKnownFileType = sourcecode.c.h; path = "PTGCategoryEntity+CoreDataProperties.h"; sourceTree = "<group>"; };
		77ADC28D1CEB47E4002432FA /* PTGCategoryEntity+CoreDataProperties.m */ = {isa = PBXFileReference; fileEncoding = 4; lastKnownFileType = sourcecode.c.objc; path = "PTGCategoryEntity+CoreDataProperties.m"; sourceTree = "<group>"; };
		77ADC28E1CEB47E4002432FA /* PTGCategoryEntity.h */ = {isa = PBXFileReference; fileEncoding = 4; lastKnownFileType = sourcecode.c.h; path = PTGCategoryEntity.h; sourceTree = "<group>"; };
		77ADC28F1CEB47E4002432FA /* PTGCategoryEntity.m */ = {isa = PBXFileReference; fileEncoding = 4; lastKnownFileType = sourcecode.c.objc; path = PTGCategoryEntity.m; sourceTree = "<group>"; };
		77ADC2971CEB4891002432FA /* PTGUserSettingsEntity+CoreDataProperties.h */ = {isa = PBXFileReference; fileEncoding = 4; lastKnownFileType = sourcecode.c.h; path = "PTGUserSettingsEntity+CoreDataProperties.h"; sourceTree = "<group>"; };
		77ADC2981CEB4891002432FA /* PTGUserSettingsEntity+CoreDataProperties.m */ = {isa = PBXFileReference; fileEncoding = 4; lastKnownFileType = sourcecode.c.objc; path = "PTGUserSettingsEntity+CoreDataProperties.m"; sourceTree = "<group>"; };
		77ADC2991CEB4891002432FA /* PTGUserSettingsEntity.h */ = {isa = PBXFileReference; fileEncoding = 4; lastKnownFileType = sourcecode.c.h; path = PTGUserSettingsEntity.h; sourceTree = "<group>"; };
		77ADC29A1CEB4891002432FA /* PTGUserSettingsEntity.m */ = {isa = PBXFileReference; fileEncoding = 4; lastKnownFileType = sourcecode.c.objc; path = PTGUserSettingsEntity.m; sourceTree = "<group>"; };
		77ADC2A11CEB5E27002432FA /* PTGCoreDataManager.h */ = {isa = PBXFileReference; fileEncoding = 4; lastKnownFileType = sourcecode.c.h; path = PTGCoreDataManager.h; sourceTree = "<group>"; };
		77ADC2A21CEB5E27002432FA /* PTGCoreDataManager.m */ = {isa = PBXFileReference; fileEncoding = 4; lastKnownFileType = sourcecode.c.objc; path = PTGCoreDataManager.m; sourceTree = "<group>"; };
		77ADC2A61CEB64A6002432FA /* PTGCoreDataHandler.h */ = {isa = PBXFileReference; fileEncoding = 4; lastKnownFileType = sourcecode.c.h; path = PTGCoreDataHandler.h; sourceTree = "<group>"; };
		77ADC2A71CEB64A6002432FA /* PTGCoreDataHandler.m */ = {isa = PBXFileReference; fileEncoding = 4; lastKnownFileType = sourcecode.c.objc; path = PTGCoreDataHandler.m; sourceTree = "<group>"; };
		77ADC2AB1CEB86BA002432FA /* PTGCategoriesRequest.h */ = {isa = PBXFileReference; fileEncoding = 4; lastKnownFileType = sourcecode.c.h; path = PTGCategoriesRequest.h; sourceTree = "<group>"; };
		77ADC2AC1CEB86BA002432FA /* PTGCategoriesRequest.m */ = {isa = PBXFileReference; fileEncoding = 4; lastKnownFileType = sourcecode.c.objc; path = PTGCategoriesRequest.m; sourceTree = "<group>"; };
		A064F979E174C71B91822920 /* libPods-PlaceToGo.a */ = {isa = PBXFileReference; explicitFileType = archive.ar; includeInIndex = 0; path = "libPods-PlaceToGo.a"; sourceTree = BUILT_PRODUCTS_DIR; };
		D7B669222B13A6E9D0ED7CBF /* Pods-PlaceToGo.debug.xcconfig */ = {isa = PBXFileReference; includeInIndex = 1; lastKnownFileType = text.xcconfig; name = "Pods-PlaceToGo.debug.xcconfig"; path = "Pods/Target Support Files/Pods-PlaceToGo/Pods-PlaceToGo.debug.xcconfig"; sourceTree = "<group>"; };
/* End PBXFileReference section */

/* Begin PBXFrameworksBuildPhase section */
		4E0CEE381CE37436005C9D85 /* Frameworks */ = {
			isa = PBXFrameworksBuildPhase;
			buildActionMask = 2147483647;
			files = (
				AC0C6186E97C49AEFD96CCA2 /* libPods-PlaceToGo.a in Frameworks */,
			);
			runOnlyForDeploymentPostprocessing = 0;
		};
		4E0CEE511CE37437005C9D85 /* Frameworks */ = {
			isa = PBXFrameworksBuildPhase;
			buildActionMask = 2147483647;
			files = (
			);
			runOnlyForDeploymentPostprocessing = 0;
		};
		4E0CEE5C1CE37437005C9D85 /* Frameworks */ = {
			isa = PBXFrameworksBuildPhase;
			buildActionMask = 2147483647;
			files = (
			);
			runOnlyForDeploymentPostprocessing = 0;
		};
/* End PBXFrameworksBuildPhase section */

/* Begin PBXGroup section */
		4E0CEE321CE37436005C9D85 = {
			isa = PBXGroup;
			children = (
				77ADC2861CEB3906002432FA /* PTGDataModel.xcdatamodeld */,
				4E0CEE3D1CE37436005C9D85 /* PlaceToGo */,
				4E0CEE571CE37437005C9D85 /* PlaceToGoTests */,
				4E0CEE621CE37437005C9D85 /* PlaceToGoUITests */,
				4E0CEE3C1CE37436005C9D85 /* Products */,
				B8363904E6B19F9373212384 /* Pods */,
				BD29AB70ECDF6B33988A89D6 /* Frameworks */,
			);
			sourceTree = "<group>";
		};
		4E0CEE3C1CE37436005C9D85 /* Products */ = {
			isa = PBXGroup;
			children = (
				4E0CEE3B1CE37436005C9D85 /* PlaceToGo.app */,
				4E0CEE541CE37437005C9D85 /* PlaceToGoTests.xctest */,
				4E0CEE5F1CE37437005C9D85 /* PlaceToGoUITests.xctest */,
			);
			name = Products;
			sourceTree = "<group>";
		};
		4E0CEE3D1CE37436005C9D85 /* PlaceToGo */ = {
			isa = PBXGroup;
			children = (
				774C6B9F1CEF1B650000B502 /* Categories */,
				777AE71A1CE5FD2C001A77EC /* Networking */,
				771E71571CE384F200FB83E1 /* Models */,
				771E71561CE384E700FB83E1 /* Views */,
				771E71551CE384DE00FB83E1 /* VIewControllers */,
				4E0CEE411CE37436005C9D85 /* PTGAppDelegate.h */,
				4E0CEE421CE37436005C9D85 /* PTGAppDelegate.m */,
				4E0CEE471CE37436005C9D85 /* Main.storyboard */,
				4E0CEE4A1CE37436005C9D85 /* Assets.xcassets */,
				4E0CEE4C1CE37436005C9D85 /* LaunchScreen.storyboard */,
				4E0CEE4F1CE37436005C9D85 /* Info.plist */,
				775428691CE4C04000DC5056 /* PTGCredentialStore.h */,
				7754286A1CE4C04000DC5056 /* PTGCredentialStore.m */,
				4E0CEE3E1CE37436005C9D85 /* Supporting Files */,
			);
			path = PlaceToGo;
			sourceTree = "<group>";
		};
		4E0CEE3E1CE37436005C9D85 /* Supporting Files */ = {
			isa = PBXGroup;
			children = (
				4E0CEE3F1CE37436005C9D85 /* main.m */,
			);
			name = "Supporting Files";
			sourceTree = "<group>";
		};
		4E0CEE571CE37437005C9D85 /* PlaceToGoTests */ = {
			isa = PBXGroup;
			children = (
				4E0CEE581CE37437005C9D85 /* PlaceToGoTests.m */,
				4E0CEE5A1CE37437005C9D85 /* Info.plist */,
			);
			path = PlaceToGoTests;
			sourceTree = "<group>";
		};
		4E0CEE621CE37437005C9D85 /* PlaceToGoUITests */ = {
			isa = PBXGroup;
			children = (
				4E0CEE631CE37437005C9D85 /* PlaceToGoUITests.m */,
				4E0CEE651CE37437005C9D85 /* Info.plist */,
			);
			path = PlaceToGoUITests;
			sourceTree = "<group>";
		};
		771E71551CE384DE00FB83E1 /* VIewControllers */ = {
			isa = PBXGroup;
			children = (
				4E0CEE441CE37436005C9D85 /* PTGPlacesSearchViewController.h */,
				4E0CEE451CE37436005C9D85 /* PTGPlacesSearchViewController.m */,
				777AE7171CE5E40F001A77EC /* PTGSavedPlacesViewController.h */,
				777AE7181CE5E40F001A77EC /* PTGSavedPlacesViewController.m */,
				776BF01B1CE62E7C00FAA72B /* PTGLoginViewController.h */,
				776BF01E1CE62EA900FAA72B /* PTGLoginViewController.m */,
				774C6BA51CEF52D60000B502 /* PTGMenuViewController.h */,
				774C6BA61CEF52D60000B502 /* PTGMenuViewController.m */,
			);
			name = VIewControllers;
			sourceTree = "<group>";
		};
		771E71561CE384E700FB83E1 /* Views */ = {
			isa = PBXGroup;
			children = (
				776A0CD51CEE19C100B33590 /* PTGCategoryCollectionViewCell.h */,
				776A0CD61CEE19C100B33590 /* PTGCategoryCollectionViewCell.m */,
				7782E35D1CF8864500158A88 /* PTGClosedVenuesSwitchTableViewCell.h */,
				7782E35E1CF8864500158A88 /* PTGClosedVenuesSwitchTableViewCell.m */,
				7745484B1CFF4210009AEFB2 /* PTGCellVIews.h */,
				77854C8B1CF35E0D00540673 /* PTGUserInformationCell.h */,
				77854C8C1CF35E0D00540673 /* PTGUserInformationCell.m */,
				776D5A911CF71F4C003F92D8 /* PTGLogIOTableViewCell.h */,
				776D5A921CF71F4C003F92D8 /* PTGLogIOTableViewCell.m */,
				776D5A961CF71F64003F92D8 /* PTGSliderTableViewCell.h */,
				776D5A971CF71F64003F92D8 /* PTGSliderTableViewCell.m */,
				776D5A9B1CF71F85003F92D8 /* PTGSegmentControlTableViewCell.h */,
				776D5A9C1CF71F85003F92D8 /* PTGSegmentControlTableViewCell.m */,
				774548401CFF0C02009AEFB2 /* PTGShowSliderTableViewCell.h */,
				774548411CFF0C02009AEFB2 /* PTGShowSliderTableViewCell.m */,
			);
			name = Views;
			sourceTree = "<group>";
		};
		771E71571CE384F200FB83E1 /* Models */ = {
			isa = PBXGroup;
			children = (
				77ADC28B1CEB47A9002432FA /* Core Data */,
			);
			name = Models;
			sourceTree = "<group>";
		};
		774C6B9F1CEF1B650000B502 /* Categories */ = {
			isa = PBXGroup;
			children = (
				776D5A891CF6F666003F92D8 /* UIImage+PTGImageUtilities.h */,
				776D5A8A1CF6F666003F92D8 /* UIImage+PTGImageUtilities.m */,
				774C6BA01CEF1BDB0000B502 /* UIColor+PTGColor.h */,
				774C6BA11CEF1BDB0000B502 /* UIColor+PTGColor.m */,
			);
			name = Categories;
			path = ..;
			sourceTree = "<group>";
		};
		777AE71A1CE5FD2C001A77EC /* Networking */ = {
			isa = PBXGroup;
			children = (
				777AE7201CE5FED7001A77EC /* Requests */,
				777AE71B1CE5FD43001A77EC /* APIConstants.h */,
				777AE71C1CE5FD43001A77EC /* APIConstants.m */,
				775428661CE4BAA200DC5056 /* PTGNetworkManager.h */,
				775428671CE4BAA200DC5056 /* PTGNetworkManager.m */,
			);
			name = Networking;
			sourceTree = "<group>";
		};
		777AE7201CE5FED7001A77EC /* Requests */ = {
			isa = PBXGroup;
			children = (
				77AC1BE11CE63526005A3A14 /* PTGVenueRequest.h */,
				77AC1BE21CE63526005A3A14 /* PTGVenueRequest.m */,
				776A09E21CEA33AC00E6632B /* PTGBaseRequest.h */,
				776A09E31CEA33AC00E6632B /* PTGBaseRequest.m */,
				77ADC2AB1CEB86BA002432FA /* PTGCategoriesRequest.h */,
				77ADC2AC1CEB86BA002432FA /* PTGCategoriesRequest.m */,
				774C6BAA1CEF67640000B502 /* PTGAuthenticationRequest.h */,
				774C6BAB1CEF67640000B502 /* PTGAuthenticationRequest.m */,
				7761017D1CF5A8BA00006368 /* PTGUserInformationRequest.h */,
				7761017E1CF5A8BA00006368 /* PTGUserInformationRequest.m */,
			);
			name = Requests;
			sourceTree = "<group>";
		};
		77ADC28B1CEB47A9002432FA /* Core Data */ = {
			isa = PBXGroup;
			children = (
				77ADC2961CEB47E8002432FA /* Entities */,
				77ADC2A11CEB5E27002432FA /* PTGCoreDataManager.h */,
				77ADC2A21CEB5E27002432FA /* PTGCoreDataManager.m */,
				77ADC2A61CEB64A6002432FA /* PTGCoreDataHandler.h */,
				77ADC2A71CEB64A6002432FA /* PTGCoreDataHandler.m */,
			);
			name = "Core Data";
			path = ..;
			sourceTree = "<group>";
		};
		77ADC2961CEB47E8002432FA /* Entities */ = {
			isa = PBXGroup;
			children = (
				776101801CF5B5B500006368 /* PTGAuthenticatedUserEntity+CoreDataProperties.h */,
				776101811CF5B5B500006368 /* PTGAuthenticatedUserEntity+CoreDataProperties.m */,
				776101821CF5B5B500006368 /* PTGAuthenticatedUserEntity.h */,
				776101831CF5B5B500006368 /* PTGAuthenticatedUserEntity.m */,
				77ADC2971CEB4891002432FA /* PTGUserSettingsEntity+CoreDataProperties.h */,
				77ADC2981CEB4891002432FA /* PTGUserSettingsEntity+CoreDataProperties.m */,
				77ADC2991CEB4891002432FA /* PTGUserSettingsEntity.h */,
				77ADC29A1CEB4891002432FA /* PTGUserSettingsEntity.m */,
				77ADC28C1CEB47E4002432FA /* PTGCategoryEntity+CoreDataProperties.h */,
				77ADC28D1CEB47E4002432FA /* PTGCategoryEntity+CoreDataProperties.m */,
				77ADC28E1CEB47E4002432FA /* PTGCategoryEntity.h */,
				77ADC28F1CEB47E4002432FA /* PTGCategoryEntity.m */,
			);
			name = Entities;
			sourceTree = "<group>";
		};
		B8363904E6B19F9373212384 /* Pods */ = {
			isa = PBXGroup;
			children = (
				D7B669222B13A6E9D0ED7CBF /* Pods-PlaceToGo.debug.xcconfig */,
				68E27BD73D34DD2CA8E4D5FC /* Pods-PlaceToGo.release.xcconfig */,
			);
			name = Pods;
			sourceTree = "<group>";
		};
		BD29AB70ECDF6B33988A89D6 /* Frameworks */ = {
			isa = PBXGroup;
			children = (
				A064F979E174C71B91822920 /* libPods-PlaceToGo.a */,
			);
			name = Frameworks;
			sourceTree = "<group>";
		};
/* End PBXGroup section */

/* Begin PBXNativeTarget section */
		4E0CEE3A1CE37436005C9D85 /* PlaceToGo */ = {
			isa = PBXNativeTarget;
			buildConfigurationList = 4E0CEE681CE37437005C9D85 /* Build configuration list for PBXNativeTarget "PlaceToGo" */;
			buildPhases = (
				6B2C5E6D929DFE1B28523131 /* 📦 Check Pods Manifest.lock */,
				4E0CEE371CE37436005C9D85 /* Sources */,
				4E0CEE381CE37436005C9D85 /* Frameworks */,
				4E0CEE391CE37436005C9D85 /* Resources */,
				C4DEF81FD4F516B86258BC92 /* 📦 Embed Pods Frameworks */,
				3CC9C6F381F9DA2A33DDCF84 /* 📦 Copy Pods Resources */,
			);
			buildRules = (
			);
			dependencies = (
			);
			name = PlaceToGo;
			productName = PlaceToGo;
			productReference = 4E0CEE3B1CE37436005C9D85 /* PlaceToGo.app */;
			productType = "com.apple.product-type.application";
		};
		4E0CEE531CE37437005C9D85 /* PlaceToGoTests */ = {
			isa = PBXNativeTarget;
			buildConfigurationList = 4E0CEE6B1CE37437005C9D85 /* Build configuration list for PBXNativeTarget "PlaceToGoTests" */;
			buildPhases = (
				4E0CEE501CE37437005C9D85 /* Sources */,
				4E0CEE511CE37437005C9D85 /* Frameworks */,
				4E0CEE521CE37437005C9D85 /* Resources */,
			);
			buildRules = (
			);
			dependencies = (
				4E0CEE561CE37437005C9D85 /* PBXTargetDependency */,
			);
			name = PlaceToGoTests;
			productName = PlaceToGoTests;
			productReference = 4E0CEE541CE37437005C9D85 /* PlaceToGoTests.xctest */;
			productType = "com.apple.product-type.bundle.unit-test";
		};
		4E0CEE5E1CE37437005C9D85 /* PlaceToGoUITests */ = {
			isa = PBXNativeTarget;
			buildConfigurationList = 4E0CEE6E1CE37437005C9D85 /* Build configuration list for PBXNativeTarget "PlaceToGoUITests" */;
			buildPhases = (
				4E0CEE5B1CE37437005C9D85 /* Sources */,
				4E0CEE5C1CE37437005C9D85 /* Frameworks */,
				4E0CEE5D1CE37437005C9D85 /* Resources */,
			);
			buildRules = (
			);
			dependencies = (
				4E0CEE611CE37437005C9D85 /* PBXTargetDependency */,
			);
			name = PlaceToGoUITests;
			productName = PlaceToGoUITests;
			productReference = 4E0CEE5F1CE37437005C9D85 /* PlaceToGoUITests.xctest */;
			productType = "com.apple.product-type.bundle.ui-testing";
		};
/* End PBXNativeTarget section */

/* Begin PBXProject section */
		4E0CEE331CE37436005C9D85 /* Project object */ = {
			isa = PBXProject;
			attributes = {
				CLASSPREFIX = PTG;
				LastUpgradeCheck = 0720;
				ORGANIZATIONNAME = "Nikolay Andonov";
				TargetAttributes = {
					4E0CEE3A1CE37436005C9D85 = {
						CreatedOnToolsVersion = 7.2;
						DevelopmentTeam = 7QR9ZUTNCA;
					};
					4E0CEE531CE37437005C9D85 = {
						CreatedOnToolsVersion = 7.2;
						TestTargetID = 4E0CEE3A1CE37436005C9D85;
					};
					4E0CEE5E1CE37437005C9D85 = {
						CreatedOnToolsVersion = 7.2;
						TestTargetID = 4E0CEE3A1CE37436005C9D85;
					};
				};
			};
			buildConfigurationList = 4E0CEE361CE37436005C9D85 /* Build configuration list for PBXProject "PlaceToGo" */;
			compatibilityVersion = "Xcode 3.2";
			developmentRegion = English;
			hasScannedForEncodings = 0;
			knownRegions = (
				en,
				Base,
			);
			mainGroup = 4E0CEE321CE37436005C9D85;
			productRefGroup = 4E0CEE3C1CE37436005C9D85 /* Products */;
			projectDirPath = "";
			projectRoot = "";
			targets = (
				4E0CEE3A1CE37436005C9D85 /* PlaceToGo */,
				4E0CEE531CE37437005C9D85 /* PlaceToGoTests */,
				4E0CEE5E1CE37437005C9D85 /* PlaceToGoUITests */,
			);
		};
/* End PBXProject section */

/* Begin PBXResourcesBuildPhase section */
		4E0CEE391CE37436005C9D85 /* Resources */ = {
			isa = PBXResourcesBuildPhase;
			buildActionMask = 2147483647;
			files = (
				4E0CEE4E1CE37436005C9D85 /* LaunchScreen.storyboard in Resources */,
				4E0CEE4B1CE37436005C9D85 /* Assets.xcassets in Resources */,
				4E0CEE491CE37436005C9D85 /* Main.storyboard in Resources */,
			);
			runOnlyForDeploymentPostprocessing = 0;
		};
		4E0CEE521CE37437005C9D85 /* Resources */ = {
			isa = PBXResourcesBuildPhase;
			buildActionMask = 2147483647;
			files = (
			);
			runOnlyForDeploymentPostprocessing = 0;
		};
		4E0CEE5D1CE37437005C9D85 /* Resources */ = {
			isa = PBXResourcesBuildPhase;
			buildActionMask = 2147483647;
			files = (
			);
			runOnlyForDeploymentPostprocessing = 0;
		};
/* End PBXResourcesBuildPhase section */

/* Begin PBXShellScriptBuildPhase section */
		3CC9C6F381F9DA2A33DDCF84 /* 📦 Copy Pods Resources */ = {
			isa = PBXShellScriptBuildPhase;
			buildActionMask = 2147483647;
			files = (
			);
			inputPaths = (
			);
			name = "📦 Copy Pods Resources";
			outputPaths = (
			);
			runOnlyForDeploymentPostprocessing = 0;
			shellPath = /bin/sh;
			shellScript = "\"${SRCROOT}/Pods/Target Support Files/Pods-PlaceToGo/Pods-PlaceToGo-resources.sh\"\n";
			showEnvVarsInLog = 0;
		};
		6B2C5E6D929DFE1B28523131 /* 📦 Check Pods Manifest.lock */ = {
			isa = PBXShellScriptBuildPhase;
			buildActionMask = 2147483647;
			files = (
			);
			inputPaths = (
			);
			name = "📦 Check Pods Manifest.lock";
			outputPaths = (
			);
			runOnlyForDeploymentPostprocessing = 0;
			shellPath = /bin/sh;
			shellScript = "diff \"${PODS_ROOT}/../Podfile.lock\" \"${PODS_ROOT}/Manifest.lock\" > /dev/null\nif [[ $? != 0 ]] ; then\n    cat << EOM\nerror: The sandbox is not in sync with the Podfile.lock. Run 'pod install' or update your CocoaPods installation.\nEOM\n    exit 1\nfi\n";
			showEnvVarsInLog = 0;
		};
		C4DEF81FD4F516B86258BC92 /* 📦 Embed Pods Frameworks */ = {
			isa = PBXShellScriptBuildPhase;
			buildActionMask = 2147483647;
			files = (
			);
			inputPaths = (
			);
			name = "📦 Embed Pods Frameworks";
			outputPaths = (
			);
			runOnlyForDeploymentPostprocessing = 0;
			shellPath = /bin/sh;
			shellScript = "\"${SRCROOT}/Pods/Target Support Files/Pods-PlaceToGo/Pods-PlaceToGo-frameworks.sh\"\n";
			showEnvVarsInLog = 0;
		};
/* End PBXShellScriptBuildPhase section */

/* Begin PBXSourcesBuildPhase section */
		4E0CEE371CE37436005C9D85 /* Sources */ = {
			isa = PBXSourcesBuildPhase;
			buildActionMask = 2147483647;
			files = (
				4E0CEE461CE37436005C9D85 /* PTGPlacesSearchViewController.m in Sources */,
				77AC1BE31CE63526005A3A14 /* PTGVenueRequest.m in Sources */,
				77854C8D1CF35E0D00540673 /* PTGUserInformationCell.m in Sources */,
				776101871CF5B5B500006368 /* PTGAuthenticatedUserEntity.m in Sources */,
				77ADC2901CEB47E4002432FA /* PTGCategoryEntity+CoreDataProperties.m in Sources */,
				776D5A931CF71F4C003F92D8 /* PTGLogIOTableViewCell.m in Sources */,
				4E0CEE431CE37436005C9D85 /* PTGAppDelegate.m in Sources */,
				776D5A981CF71F64003F92D8 /* PTGSliderTableViewCell.m in Sources */,
				77ADC2A81CEB64A6002432FA /* PTGCoreDataHandler.m in Sources */,
				77ADC2931CEB47E4002432FA /* PTGCategoryEntity.m in Sources */,
				776A09E41CEA33AC00E6632B /* PTGBaseRequest.m in Sources */,
				77ADC29B1CEB4891002432FA /* PTGUserSettingsEntity+CoreDataProperties.m in Sources */,
				7782E35F1CF8864500158A88 /* PTGClosedVenuesSwitchTableViewCell.m in Sources */,
				777AE71D1CE5FD43001A77EC /* APIConstants.m in Sources */,
				77ADC2A31CEB5E27002432FA /* PTGCoreDataManager.m in Sources */,
				775428681CE4BAA200DC5056 /* PTGNetworkManager.m in Sources */,
				774C6BAC1CEF67640000B502 /* PTGAuthenticationRequest.m in Sources */,
				774C6BA71CEF52D60000B502 /* PTGMenuViewController.m in Sources */,
				776D5A8B1CF6F666003F92D8 /* UIImage+PTGImageUtilities.m in Sources */,
				774C6BA21CEF1BDB0000B502 /* UIColor+PTGColor.m in Sources */,
				774548421CFF0C02009AEFB2 /* PTGShowSliderTableViewCell.m in Sources */,
				4E0CEE401CE37436005C9D85 /* main.m in Sources */,
				777AE7191CE5E40F001A77EC /* PTGSavedPlacesViewController.m in Sources */,
				77ADC2AD1CEB86BA002432FA /* PTGCategoriesRequest.m in Sources */,
				776101841CF5B5B500006368 /* PTGAuthenticatedUserEntity+CoreDataProperties.m in Sources */,
				776BF01F1CE62EA900FAA72B /* PTGLoginViewController.m in Sources */,
				776D5A9D1CF71F85003F92D8 /* PTGSegmentControlTableViewCell.m in Sources */,
				7754286B1CE4C04000DC5056 /* PTGCredentialStore.m in Sources */,
				77ADC2881CEB3906002432FA /* PTGDataModel.xcdatamodeld in Sources */,
				776A0CD71CEE19C100B33590 /* PTGCategoryCollectionViewCell.m in Sources */,
				77ADC29E1CEB4891002432FA /* PTGUserSettingsEntity.m in Sources */,
				7761017F1CF5A8BA00006368 /* PTGUserInformationRequest.m in Sources */,
			);
			runOnlyForDeploymentPostprocessing = 0;
		};
		4E0CEE501CE37437005C9D85 /* Sources */ = {
			isa = PBXSourcesBuildPhase;
			buildActionMask = 2147483647;
			files = (
				77ADC29C1CEB4891002432FA /* PTGUserSettingsEntity+CoreDataProperties.m in Sources */,
				777AE71E1CE5FD43001A77EC /* APIConstants.m in Sources */,
				77854C8E1CF35E0D00540673 /* PTGUserInformationCell.m in Sources */,
				77ADC2A41CEB5E27002432FA /* PTGCoreDataManager.m in Sources */,
				776BF0201CE62EA900FAA72B /* PTGLoginViewController.m in Sources */,
				77ADC2911CEB47E4002432FA /* PTGCategoryEntity+CoreDataProperties.m in Sources */,
				774C6BA31CEF1BDB0000B502 /* UIColor+PTGColor.m in Sources */,
				77ADC2A91CEB64A6002432FA /* PTGCoreDataHandler.m in Sources */,
				4E0CEE591CE37437005C9D85 /* PlaceToGoTests.m in Sources */,
				776D5A941CF71F4C003F92D8 /* PTGLogIOTableViewCell.m in Sources */,
				776D5A9E1CF71F85003F92D8 /* PTGSegmentControlTableViewCell.m in Sources */,
				774C6BA81CEF52D60000B502 /* PTGMenuViewController.m in Sources */,
				774C6BAD1CEF67640000B502 /* PTGAuthenticationRequest.m in Sources */,
				77ADC2AE1CEB86BA002432FA /* PTGCategoriesRequest.m in Sources */,
				77ADC2941CEB47E4002432FA /* PTGCategoryEntity.m in Sources */,
				776D5A991CF71F64003F92D8 /* PTGSliderTableViewCell.m in Sources */,
				776A0CD81CEE19C100B33590 /* PTGCategoryCollectionViewCell.m in Sources */,
				77AC1BE41CE63526005A3A14 /* PTGVenueRequest.m in Sources */,
				77ADC2891CEB3906002432FA /* PTGDataModel.xcdatamodeld in Sources */,
				776101881CF5B5B500006368 /* PTGAuthenticatedUserEntity.m in Sources */,
				774548431CFF0C02009AEFB2 /* PTGShowSliderTableViewCell.m in Sources */,
				77ADC29F1CEB4891002432FA /* PTGUserSettingsEntity.m in Sources */,
				776101851CF5B5B500006368 /* PTGAuthenticatedUserEntity+CoreDataProperties.m in Sources */,
			);
			runOnlyForDeploymentPostprocessing = 0;
		};
		4E0CEE5B1CE37437005C9D85 /* Sources */ = {
			isa = PBXSourcesBuildPhase;
			buildActionMask = 2147483647;
			files = (
				77ADC29D1CEB4891002432FA /* PTGUserSettingsEntity+CoreDataProperties.m in Sources */,
				777AE71F1CE5FD43001A77EC /* APIConstants.m in Sources */,
				77854C8F1CF35E0D00540673 /* PTGUserInformationCell.m in Sources */,
				77ADC2A51CEB5E27002432FA /* PTGCoreDataManager.m in Sources */,
				776BF0211CE62EA900FAA72B /* PTGLoginViewController.m in Sources */,
				77ADC2921CEB47E4002432FA /* PTGCategoryEntity+CoreDataProperties.m in Sources */,
				774C6BA41CEF1BDB0000B502 /* UIColor+PTGColor.m in Sources */,
				77ADC2AA1CEB64A6002432FA /* PTGCoreDataHandler.m in Sources */,
				4E0CEE641CE37437005C9D85 /* PlaceToGoUITests.m in Sources */,
				776D5A951CF71F4C003F92D8 /* PTGLogIOTableViewCell.m in Sources */,
				776D5A9F1CF71F85003F92D8 /* PTGSegmentControlTableViewCell.m in Sources */,
				774C6BA91CEF52D60000B502 /* PTGMenuViewController.m in Sources */,
				774C6BAE1CEF67640000B502 /* PTGAuthenticationRequest.m in Sources */,
				77ADC2AF1CEB86BA002432FA /* PTGCategoriesRequest.m in Sources */,
				77ADC2951CEB47E4002432FA /* PTGCategoryEntity.m in Sources */,
				776D5A9A1CF71F64003F92D8 /* PTGSliderTableViewCell.m in Sources */,
				776A0CD91CEE19C100B33590 /* PTGCategoryCollectionViewCell.m in Sources */,
				77AC1BE51CE63526005A3A14 /* PTGVenueRequest.m in Sources */,
				77ADC28A1CEB3906002432FA /* PTGDataModel.xcdatamodeld in Sources */,
				776101891CF5B5B500006368 /* PTGAuthenticatedUserEntity.m in Sources */,
				774548441CFF0C02009AEFB2 /* PTGShowSliderTableViewCell.m in Sources */,
				77ADC2A01CEB4891002432FA /* PTGUserSettingsEntity.m in Sources */,
				776101861CF5B5B500006368 /* PTGAuthenticatedUserEntity+CoreDataProperties.m in Sources */,
			);
			runOnlyForDeploymentPostprocessing = 0;
		};
/* End PBXSourcesBuildPhase section */

/* Begin PBXTargetDependency section */
		4E0CEE561CE37437005C9D85 /* PBXTargetDependency */ = {
			isa = PBXTargetDependency;
			target = 4E0CEE3A1CE37436005C9D85 /* PlaceToGo */;
			targetProxy = 4E0CEE551CE37437005C9D85 /* PBXContainerItemProxy */;
		};
		4E0CEE611CE37437005C9D85 /* PBXTargetDependency */ = {
			isa = PBXTargetDependency;
			target = 4E0CEE3A1CE37436005C9D85 /* PlaceToGo */;
			targetProxy = 4E0CEE601CE37437005C9D85 /* PBXContainerItemProxy */;
		};
/* End PBXTargetDependency section */

/* Begin PBXVariantGroup section */
		4E0CEE471CE37436005C9D85 /* Main.storyboard */ = {
			isa = PBXVariantGroup;
			children = (
				4E0CEE481CE37436005C9D85 /* Base */,
			);
			name = Main.storyboard;
			sourceTree = "<group>";
		};
		4E0CEE4C1CE37436005C9D85 /* LaunchScreen.storyboard */ = {
			isa = PBXVariantGroup;
			children = (
				4E0CEE4D1CE37436005C9D85 /* Base */,
			);
			name = LaunchScreen.storyboard;
			sourceTree = "<group>";
		};
/* End PBXVariantGroup section */

/* Begin XCBuildConfiguration section */
		4E0CEE661CE37437005C9D85 /* Debug */ = {
			isa = XCBuildConfiguration;
			buildSettings = {
				ALWAYS_SEARCH_USER_PATHS = NO;
				CLANG_CXX_LANGUAGE_STANDARD = "gnu++0x";
				CLANG_CXX_LIBRARY = "libc++";
				CLANG_ENABLE_MODULES = YES;
				CLANG_ENABLE_OBJC_ARC = YES;
				CLANG_WARN_BOOL_CONVERSION = YES;
				CLANG_WARN_CONSTANT_CONVERSION = YES;
				CLANG_WARN_DIRECT_OBJC_ISA_USAGE = YES_ERROR;
				CLANG_WARN_EMPTY_BODY = YES;
				CLANG_WARN_ENUM_CONVERSION = YES;
				CLANG_WARN_INT_CONVERSION = YES;
				CLANG_WARN_OBJC_ROOT_CLASS = YES_ERROR;
				CLANG_WARN_UNREACHABLE_CODE = YES;
				CLANG_WARN__DUPLICATE_METHOD_MATCH = YES;
				"CODE_SIGN_IDENTITY[sdk=iphoneos*]" = "iPhone Developer";
				COPY_PHASE_STRIP = NO;
				DEBUG_INFORMATION_FORMAT = dwarf;
				ENABLE_STRICT_OBJC_MSGSEND = YES;
				ENABLE_TESTABILITY = YES;
				GCC_C_LANGUAGE_STANDARD = gnu99;
				GCC_DYNAMIC_NO_PIC = NO;
				GCC_NO_COMMON_BLOCKS = YES;
				GCC_OPTIMIZATION_LEVEL = 0;
				GCC_PREPROCESSOR_DEFINITIONS = (
					"DEBUG=1",
					"$(inherited)",
				);
				GCC_WARN_64_TO_32_BIT_CONVERSION = YES;
				GCC_WARN_ABOUT_RETURN_TYPE = YES_ERROR;
				GCC_WARN_UNDECLARED_SELECTOR = YES;
				GCC_WARN_UNINITIALIZED_AUTOS = YES_AGGRESSIVE;
				GCC_WARN_UNUSED_FUNCTION = YES;
				GCC_WARN_UNUSED_VARIABLE = YES;
				IPHONEOS_DEPLOYMENT_TARGET = 9.2;
				MTL_ENABLE_DEBUG_INFO = YES;
				ONLY_ACTIVE_ARCH = YES;
				SDKROOT = iphoneos;
				TARGETED_DEVICE_FAMILY = "1,2";
			};
			name = Debug;
		};
		4E0CEE671CE37437005C9D85 /* Release */ = {
			isa = XCBuildConfiguration;
			buildSettings = {
				ALWAYS_SEARCH_USER_PATHS = NO;
				CLANG_CXX_LANGUAGE_STANDARD = "gnu++0x";
				CLANG_CXX_LIBRARY = "libc++";
				CLANG_ENABLE_MODULES = YES;
				CLANG_ENABLE_OBJC_ARC = YES;
				CLANG_WARN_BOOL_CONVERSION = YES;
				CLANG_WARN_CONSTANT_CONVERSION = YES;
				CLANG_WARN_DIRECT_OBJC_ISA_USAGE = YES_ERROR;
				CLANG_WARN_EMPTY_BODY = YES;
				CLANG_WARN_ENUM_CONVERSION = YES;
				CLANG_WARN_INT_CONVERSION = YES;
				CLANG_WARN_OBJC_ROOT_CLASS = YES_ERROR;
				CLANG_WARN_UNREACHABLE_CODE = YES;
				CLANG_WARN__DUPLICATE_METHOD_MATCH = YES;
				"CODE_SIGN_IDENTITY[sdk=iphoneos*]" = "iPhone Developer";
				COPY_PHASE_STRIP = NO;
				DEBUG_INFORMATION_FORMAT = "dwarf-with-dsym";
				ENABLE_NS_ASSERTIONS = NO;
				ENABLE_STRICT_OBJC_MSGSEND = YES;
				GCC_C_LANGUAGE_STANDARD = gnu99;
				GCC_NO_COMMON_BLOCKS = YES;
				GCC_WARN_64_TO_32_BIT_CONVERSION = YES;
				GCC_WARN_ABOUT_RETURN_TYPE = YES_ERROR;
				GCC_WARN_UNDECLARED_SELECTOR = YES;
				GCC_WARN_UNINITIALIZED_AUTOS = YES_AGGRESSIVE;
				GCC_WARN_UNUSED_FUNCTION = YES;
				GCC_WARN_UNUSED_VARIABLE = YES;
				IPHONEOS_DEPLOYMENT_TARGET = 9.2;
				MTL_ENABLE_DEBUG_INFO = NO;
				SDKROOT = iphoneos;
				TARGETED_DEVICE_FAMILY = "1,2";
				VALIDATE_PRODUCT = YES;
			};
			name = Release;
		};
		4E0CEE691CE37437005C9D85 /* Debug */ = {
			isa = XCBuildConfiguration;
			baseConfigurationReference = D7B669222B13A6E9D0ED7CBF /* Pods-PlaceToGo.debug.xcconfig */;
			buildSettings = {
				ASSETCATALOG_COMPILER_APPICON_NAME = AppIcon;
				CODE_SIGN_IDENTITY = "iPhone Developer";
				"CODE_SIGN_IDENTITY[sdk=iphoneos*]" = "iPhone Developer";
				INFOPLIST_FILE = PlaceToGo/Info.plist;
				IPHONEOS_DEPLOYMENT_TARGET = 8.0;
				LD_RUNPATH_SEARCH_PATHS = "$(inherited) @executable_path/Frameworks";
				PRODUCT_BUNDLE_IDENTIFIER = mm.PlaceToGo;
				PRODUCT_NAME = "$(TARGET_NAME)";
				PROVISIONING_PROFILE = "";
				TARGETED_DEVICE_FAMILY = 1;
			};
			name = Debug;
		};
		4E0CEE6A1CE37437005C9D85 /* Release */ = {
			isa = XCBuildConfiguration;
			baseConfigurationReference = 68E27BD73D34DD2CA8E4D5FC /* Pods-PlaceToGo.release.xcconfig */;
			buildSettings = {
				ASSETCATALOG_COMPILER_APPICON_NAME = AppIcon;
				CODE_SIGN_IDENTITY = "iPhone Developer";
				"CODE_SIGN_IDENTITY[sdk=iphoneos*]" = "iPhone Developer";
				INFOPLIST_FILE = PlaceToGo/Info.plist;
				IPHONEOS_DEPLOYMENT_TARGET = 8.0;
				LD_RUNPATH_SEARCH_PATHS = "$(inherited) @executable_path/Frameworks";
				PRODUCT_BUNDLE_IDENTIFIER = mm.PlaceToGo;
				PRODUCT_NAME = "$(TARGET_NAME)";
				PROVISIONING_PROFILE = "";
				TARGETED_DEVICE_FAMILY = 1;
			};
			name = Release;
		};
		4E0CEE6C1CE37437005C9D85 /* Debug */ = {
			isa = XCBuildConfiguration;
			buildSettings = {
				BUNDLE_LOADER = "$(TEST_HOST)";
				INFOPLIST_FILE = PlaceToGoTests/Info.plist;
				LD_RUNPATH_SEARCH_PATHS = "$(inherited) @executable_path/Frameworks @loader_path/Frameworks";
				PRODUCT_BUNDLE_IDENTIFIER = mm.PlaceToGoTests;
				PRODUCT_NAME = "$(TARGET_NAME)";
				TEST_HOST = "$(BUILT_PRODUCTS_DIR)/PlaceToGo.app/PlaceToGo";
			};
			name = Debug;
		};
		4E0CEE6D1CE37437005C9D85 /* Release */ = {
			isa = XCBuildConfiguration;
			buildSettings = {
				BUNDLE_LOADER = "$(TEST_HOST)";
				INFOPLIST_FILE = PlaceToGoTests/Info.plist;
				LD_RUNPATH_SEARCH_PATHS = "$(inherited) @executable_path/Frameworks @loader_path/Frameworks";
				PRODUCT_BUNDLE_IDENTIFIER = mm.PlaceToGoTests;
				PRODUCT_NAME = "$(TARGET_NAME)";
				TEST_HOST = "$(BUILT_PRODUCTS_DIR)/PlaceToGo.app/PlaceToGo";
			};
			name = Release;
		};
		4E0CEE6F1CE37437005C9D85 /* Debug */ = {
			isa = XCBuildConfiguration;
			buildSettings = {
				INFOPLIST_FILE = PlaceToGoUITests/Info.plist;
				LD_RUNPATH_SEARCH_PATHS = "$(inherited) @executable_path/Frameworks @loader_path/Frameworks";
				PRODUCT_BUNDLE_IDENTIFIER = mm.PlaceToGoUITests;
				PRODUCT_NAME = "$(TARGET_NAME)";
				TEST_TARGET_NAME = PlaceToGo;
				USES_XCTRUNNER = YES;
			};
			name = Debug;
		};
		4E0CEE701CE37437005C9D85 /* Release */ = {
			isa = XCBuildConfiguration;
			buildSettings = {
				INFOPLIST_FILE = PlaceToGoUITests/Info.plist;
				LD_RUNPATH_SEARCH_PATHS = "$(inherited) @executable_path/Frameworks @loader_path/Frameworks";
				PRODUCT_BUNDLE_IDENTIFIER = mm.PlaceToGoUITests;
				PRODUCT_NAME = "$(TARGET_NAME)";
				TEST_TARGET_NAME = PlaceToGo;
				USES_XCTRUNNER = YES;
			};
			name = Release;
		};
/* End XCBuildConfiguration section */

/* Begin XCConfigurationList section */
		4E0CEE361CE37436005C9D85 /* Build configuration list for PBXProject "PlaceToGo" */ = {
			isa = XCConfigurationList;
			buildConfigurations = (
				4E0CEE661CE37437005C9D85 /* Debug */,
				4E0CEE671CE37437005C9D85 /* Release */,
			);
			defaultConfigurationIsVisible = 0;
			defaultConfigurationName = Release;
		};
		4E0CEE681CE37437005C9D85 /* Build configuration list for PBXNativeTarget "PlaceToGo" */ = {
			isa = XCConfigurationList;
			buildConfigurations = (
				4E0CEE691CE37437005C9D85 /* Debug */,
				4E0CEE6A1CE37437005C9D85 /* Release */,
			);
			defaultConfigurationIsVisible = 0;
			defaultConfigurationName = Release;
		};
		4E0CEE6B1CE37437005C9D85 /* Build configuration list for PBXNativeTarget "PlaceToGoTests" */ = {
			isa = XCConfigurationList;
			buildConfigurations = (
				4E0CEE6C1CE37437005C9D85 /* Debug */,
				4E0CEE6D1CE37437005C9D85 /* Release */,
			);
			defaultConfigurationIsVisible = 0;
			defaultConfigurationName = Release;
		};
		4E0CEE6E1CE37437005C9D85 /* Build configuration list for PBXNativeTarget "PlaceToGoUITests" */ = {
			isa = XCConfigurationList;
			buildConfigurations = (
				4E0CEE6F1CE37437005C9D85 /* Debug */,
				4E0CEE701CE37437005C9D85 /* Release */,
			);
			defaultConfigurationIsVisible = 0;
			defaultConfigurationName = Release;
		};
/* End XCConfigurationList section */

/* Begin XCVersionGroup section */
		77ADC2861CEB3906002432FA /* PTGDataModel.xcdatamodeld */ = {
			isa = XCVersionGroup;
			children = (
				77ADC2871CEB3906002432FA /* PTGDataModel.xcdatamodel */,
			);
			currentVersion = 77ADC2871CEB3906002432FA /* PTGDataModel.xcdatamodel */;
			path = PTGDataModel.xcdatamodeld;
			sourceTree = "<group>";
			versionGroupType = wrapper.xcdatamodel;
		};
/* End XCVersionGroup section */
	};
	rootObject = 4E0CEE331CE37436005C9D85 /* Project object */;
}
